github.com/pelletier/go-toml/v2 v2.4.3 h1:GTRvJQutkOSftxIFD5xw9aepkYNuPWmVJpffdDPYVpY=
github.com/pelletier/go-toml/v2 v2.4.3/go.mod h1:2gIqNv+qfxSVS7cM2xJQKtLSTLUE9V8t9Stt+h56mCY=
github.com/sig9org/selfupdate-go v0.0.3 h1:XrkNKKMaidV8j3fv+azmyhk+Z0I9IRRq8dRK/TLTxss=
github.com/sig9org/selfupdate-go v0.0.3/go.mod h1:QxDC6/acFZd6q24YtcnB92c4G4WyHt3GGExtcc7KBRU=
